
Microsoft Visual Studio Solution File, Format Version 12.00
# Visual Studio Version 16
VisualStudioVersion = 16.0.29424.173
MinimumVisualStudioVersion = 10.0.40219.1
Project("{9A19103F-16F7-4668-BE54-9A1E7A4F7556}") = "SJeMES_API", "SJeMES_API.csproj", "{5636AF28-FEF2-4479-82C1-ED6D9F5B8E25}"
EndProject
Project("{9A19103F-16F7-4668-BE54-9A1E7A4F7556}") = "KZ_MESAPI", "..\KZ_MESAPI\KZ_MESAPI.csproj", "{AEB4E1C5-BA98-4CCA-B848-4EC59ECB1DB0}"
EndProject
Project("{9A19103F-16F7-4668-BE54-9A1E7A4F7556}") = "KZ_QCMAPI", "..\KZ_QCMAPI\KZ_QCMAPI.csproj", "{DCD4D0ED-D7B2-4D42-B073-10C975E6423C}"
EndProject
Project("{9A19103F-16F7-4668-BE54-9A1E7A4F7556}") = "KZ_BDMAPI", "..\KZ_BDMAPI\KZ_BDMAPI.csproj", "{B194E46D-FC1E-4F0B-A94B-8645F2DCB229}"
EndProject
Project("{9A19103F-16F7-4668-BE54-9A1E7A4F7556}") = "KZ_MMSAPI", "..\KZ_MMSAPI\KZ_MMSAPI.csproj", "{4968C675-421E-432C-894E-643433ED455C}"
EndProject
Project("{9A19103F-16F7-4668-BE54-9A1E7A4F7556}") = "KZ_SFCAPI", "..\KZ_SFCAPI\KZ_SFCAPI.csproj", "{891B0430-165E-4235-8BEF-BA594DC04ABC}"
EndProject
Project("{9A19103F-16F7-4668-BE54-9A1E7A4F7556}") = "KZ_JMSAPI", "..\KZ_JMSAPI\KZ_JMSAPI.csproj", "{7E6738BA-AAEB-4156-BA4B-3CE5AE3A02D0}"
EndProject
Project("{9A19103F-16F7-4668-BE54-9A1E7A4F7556}") = "KZ_EVMAPI", "..\KZ_EVMAPI\KZ_EVMAPI.csproj", "{5E67624C-6537-4C54-9EA1-DDC9DCA57482}"
EndProject
Project("{9A19103F-16F7-4668-BE54-9A1E7A4F7556}") = "KZ_EPMAPI", "..\KZ_EPMAPI\KZ_EPMAPI.csproj", "{65486371-ED7A-404F-94C1-163A2380C4B7}"
EndProject
Project("{9A19103F-16F7-4668-BE54-9A1E7A4F7556}") = "KZ_EAPAPI", "..\KZ_EAPAPI\KZ_EAPAPI.csproj", "{20A17055-6559-40C9-8634-0DF69B708559}"
EndProject
Project("{9A19103F-16F7-4668-BE54-9A1E7A4F7556}") = "KZ_TPMAPI", "..\KZ_TPMAPI\KZ_TPMAPI.csproj", "{DACCC0BD-F3C6-42BE-AB2D-32E08F48D819}"
EndProject
Project("{9A19103F-16F7-4668-BE54-9A1E7A4F7556}") = "TierMeeting", "..\TierMeeting\TierMeeting.csproj", "{80931958-85FB-4889-A455-07535209BA9E}"
EndProject
Global
	GlobalSection(SolutionConfigurationPlatforms) = preSolution
		Debug|Any CPU = Debug|Any CPU
		Release|Any CPU = Release|Any CPU
	EndGlobalSection
	GlobalSection(ProjectConfigurationPlatforms) = postSolution
		{5636AF28-FEF2-4479-82C1-ED6D9F5B8E25}.Debug|Any CPU.ActiveCfg = Debug|Any CPU
		{5636AF28-FEF2-4479-82C1-ED6D9F5B8E25}.Debug|Any CPU.Build.0 = Debug|Any CPU
		{5636AF28-FEF2-4479-82C1-ED6D9F5B8E25}.Release|Any CPU.ActiveCfg = Release|Any CPU
		{5636AF28-FEF2-4479-82C1-ED6D9F5B8E25}.Release|Any CPU.Build.0 = Release|Any CPU
		{AEB4E1C5-BA98-4CCA-B848-4EC59ECB1DB0}.Debug|Any CPU.ActiveCfg = Debug|Any CPU
		{AEB4E1C5-BA98-4CCA-B848-4EC59ECB1DB0}.Debug|Any CPU.Build.0 = Debug|Any CPU
		{AEB4E1C5-BA98-4CCA-B848-4EC59ECB1DB0}.Release|Any CPU.ActiveCfg = Release|Any CPU
		{AEB4E1C5-BA98-4CCA-B848-4EC59ECB1DB0}.Release|Any CPU.Build.0 = Release|Any CPU
		{DCD4D0ED-D7B2-4D42-B073-10C975E6423C}.Debug|Any CPU.ActiveCfg = Debug|Any CPU
		{DCD4D0ED-D7B2-4D42-B073-10C975E6423C}.Debug|Any CPU.Build.0 = Debug|Any CPU
		{DCD4D0ED-D7B2-4D42-B073-10C975E6423C}.Release|Any CPU.ActiveCfg = Release|Any CPU
		{DCD4D0ED-D7B2-4D42-B073-10C975E6423C}.Release|Any CPU.Build.0 = Release|Any CPU
		{B194E46D-FC1E-4F0B-A94B-8645F2DCB229}.Debug|Any CPU.ActiveCfg = Debug|Any CPU
		{B194E46D-FC1E-4F0B-A94B-8645F2DCB229}.Debug|Any CPU.Build.0 = Debug|Any CPU
		{B194E46D-FC1E-4F0B-A94B-8645F2DCB229}.Release|Any CPU.ActiveCfg = Release|Any CPU
		{B194E46D-FC1E-4F0B-A94B-8645F2DCB229}.Release|Any CPU.Build.0 = Release|Any CPU
		{4968C675-421E-432C-894E-643433ED455C}.Debug|Any CPU.ActiveCfg = Debug|Any CPU
		{4968C675-421E-432C-894E-643433ED455C}.Debug|Any CPU.Build.0 = Debug|Any CPU
		{4968C675-421E-432C-894E-643433ED455C}.Release|Any CPU.ActiveCfg = Release|Any CPU
		{4968C675-421E-432C-894E-643433ED455C}.Release|Any CPU.Build.0 = Release|Any CPU
		{891B0430-165E-4235-8BEF-BA594DC04ABC}.Debug|Any CPU.ActiveCfg = Debug|Any CPU
		{891B0430-165E-4235-8BEF-BA594DC04ABC}.Debug|Any CPU.Build.0 = Debug|Any CPU
		{891B0430-165E-4235-8BEF-BA594DC04ABC}.Release|Any CPU.ActiveCfg = Release|Any CPU
		{891B0430-165E-4235-8BEF-BA594DC04ABC}.Release|Any CPU.Build.0 = Release|Any CPU
		{7E6738BA-AAEB-4156-BA4B-3CE5AE3A02D0}.Debug|Any CPU.ActiveCfg = Debug|Any CPU
		{7E6738BA-AAEB-4156-BA4B-3CE5AE3A02D0}.Debug|Any CPU.Build.0 = Debug|Any CPU
		{7E6738BA-AAEB-4156-BA4B-3CE5AE3A02D0}.Release|Any CPU.ActiveCfg = Release|Any CPU
		{7E6738BA-AAEB-4156-BA4B-3CE5AE3A02D0}.Release|Any CPU.Build.0 = Release|Any CPU
		{5E67624C-6537-4C54-9EA1-DDC9DCA57482}.Debug|Any CPU.ActiveCfg = Debug|Any CPU
		{5E67624C-6537-4C54-9EA1-DDC9DCA57482}.Debug|Any CPU.Build.0 = Debug|Any CPU
		{5E67624C-6537-4C54-9EA1-DDC9DCA57482}.Release|Any CPU.ActiveCfg = Release|Any CPU
		{5E67624C-6537-4C54-9EA1-DDC9DCA57482}.Release|Any CPU.Build.0 = Release|Any CPU
		{65486371-ED7A-404F-94C1-163A2380C4B7}.Debug|Any CPU.ActiveCfg = Debug|Any CPU
		{65486371-ED7A-404F-94C1-163A2380C4B7}.Debug|Any CPU.Build.0 = Debug|Any CPU
		{65486371-ED7A-404F-94C1-163A2380C4B7}.Release|Any CPU.ActiveCfg = Release|Any CPU
		{65486371-ED7A-404F-94C1-163A2380C4B7}.Release|Any CPU.Build.0 = Release|Any CPU
		{20A17055-6559-40C9-8634-0DF69B708559}.Debug|Any CPU.ActiveCfg = Debug|Any CPU
		{20A17055-6559-40C9-8634-0DF69B708559}.Debug|Any CPU.Build.0 = Debug|Any CPU
		{20A17055-6559-40C9-8634-0DF69B708559}.Release|Any CPU.ActiveCfg = Release|Any CPU
		{20A17055-6559-40C9-8634-0DF69B708559}.Release|Any CPU.Build.0 = Release|Any CPU
		{DACCC0BD-F3C6-42BE-AB2D-32E08F48D819}.Debug|Any CPU.ActiveCfg = Debug|Any CPU
		{DACCC0BD-F3C6-42BE-AB2D-32E08F48D819}.Debug|Any CPU.Build.0 = Debug|Any CPU
		{DACCC0BD-F3C6-42BE-AB2D-32E08F48D819}.Release|Any CPU.ActiveCfg = Release|Any CPU
		{DACCC0BD-F3C6-42BE-AB2D-32E08F48D819}.Release|Any CPU.Build.0 = Release|Any CPU
		{80931958-85FB-4889-A455-07535209BA9E}.Debug|Any CPU.ActiveCfg = Debug|Any CPU
		{80931958-85FB-4889-A455-07535209BA9E}.Debug|Any CPU.Build.0 = Debug|Any CPU
		{80931958-85FB-4889-A455-07535209BA9E}.Release|Any CPU.ActiveCfg = Release|Any CPU
		{80931958-85FB-4889-A455-07535209BA9E}.Release|Any CPU.Build.0 = Release|Any CPU
	EndGlobalSection
	GlobalSection(SolutionProperties) = preSolution
		HideSolutionNode = FALSE
	EndGlobalSection
	GlobalSection(ExtensibilityGlobals) = postSolution
		SolutionGuid = {3307A59F-C9C3-4701-8B2D-D008ECF02979}
	EndGlobalSection
EndGlobal
